
Microsoft Visual Studio Solution File, Format Version 12.00
# Visual Studio Version 17
VisualStudioVersion = 17.8.34322.80
MinimumVisualStudioVersion = 10.0.40219.1
Project("{FAE04EC0-301F-11D3-BF4B-00C04F79EFBC}") = "Descuento", "Descuento.csproj", "{B14F739D-38CD-4C06-94B2-31879F53F97C}"
EndProject
Global
	GlobalSection(SolutionConfigurationPlatforms) = preSolution
		Debug|Any CPU = Debug|Any CPU
		Release|Any CPU = Release|Any CPU
	EndGlobalSection
	GlobalSection(ProjectConfigurationPlatforms) = postSolution
		{B14F739D-38CD-4C06-94B2-31879F53F97C}.Debug|Any CPU.ActiveCfg = Debug|Any CPU
		{B14F739D-38CD-4C06-94B2-31879F53F97C}.Debug|Any CPU.Build.0 = Debug|Any CPU
		{B14F739D-38CD-4C06-94B2-31879F53F97C}.Release|Any CPU.ActiveCfg = Release|Any CPU
		{B14F739D-38CD-4C06-94B2-31879F53F97C}.Release|Any CPU.Build.0 = Release|Any CPU
	EndGlobalSection
	GlobalSection(SolutionProperties) = preSolution
		HideSolutionNode = FALSE
	EndGlobalSection
	GlobalSection(ExtensibilityGlobals) = postSolution
		SolutionGuid = {267DB360-488D-49C4-B77F-757A44AE6073}
	EndGlobalSection
EndGlobal
