
Microsoft Visual Studio Solution File, Format Version 12.00
# Visual Studio Version 17
VisualStudioVersion = 17.8.34322.80
MinimumVisualStudioVersion = 10.0.40219.1
Project("{FAE04EC0-301F-11D3-BF4B-00C04F79EFBC}") = "Formulario", "Formulario.csproj", "{6EE7F0AB-3DDC-4010-9D3E-ADCC889B06F7}"
EndProject
Global
	GlobalSection(SolutionConfigurationPlatforms) = preSolution
		Debug|Any CPU = Debug|Any CPU
		Release|Any CPU = Release|Any CPU
	EndGlobalSection
	GlobalSection(ProjectConfigurationPlatforms) = postSolution
		{6EE7F0AB-3DDC-4010-9D3E-ADCC889B06F7}.Debug|Any CPU.ActiveCfg = Debug|Any CPU
		{6EE7F0AB-3DDC-4010-9D3E-ADCC889B06F7}.Debug|Any CPU.Build.0 = Debug|Any CPU
		{6EE7F0AB-3DDC-4010-9D3E-ADCC889B06F7}.Release|Any CPU.ActiveCfg = Release|Any CPU
		{6EE7F0AB-3DDC-4010-9D3E-ADCC889B06F7}.Release|Any CPU.Build.0 = Release|Any CPU
	EndGlobalSection
	GlobalSection(SolutionProperties) = preSolution
		HideSolutionNode = FALSE
	EndGlobalSection
	GlobalSection(ExtensibilityGlobals) = postSolution
		SolutionGuid = {55C72677-7D48-487E-9F36-2CA23418CE4E}
	EndGlobalSection
EndGlobal
