
Microsoft Visual Studio Solution File, Format Version 12.00
# Visual Studio Version 17
VisualStudioVersion = 17.8.34322.80
MinimumVisualStudioVersion = 10.0.40219.1
Project("{FAE04EC0-301F-11D3-BF4B-00C04F79EFBC}") = "numero par o impar", "numero par o impar.csproj", "{E7E21A08-A856-468D-8129-569888E5078D}"
EndProject
Global
	GlobalSection(SolutionConfigurationPlatforms) = preSolution
		Debug|Any CPU = Debug|Any CPU
		Release|Any CPU = Release|Any CPU
	EndGlobalSection
	GlobalSection(ProjectConfigurationPlatforms) = postSolution
		{E7E21A08-A856-468D-8129-569888E5078D}.Debug|Any CPU.ActiveCfg = Debug|Any CPU
		{E7E21A08-A856-468D-8129-569888E5078D}.Debug|Any CPU.Build.0 = Debug|Any CPU
		{E7E21A08-A856-468D-8129-569888E5078D}.Release|Any CPU.ActiveCfg = Release|Any CPU
		{E7E21A08-A856-468D-8129-569888E5078D}.Release|Any CPU.Build.0 = Release|Any CPU
	EndGlobalSection
	GlobalSection(SolutionProperties) = preSolution
		HideSolutionNode = FALSE
	EndGlobalSection
	GlobalSection(ExtensibilityGlobals) = postSolution
		SolutionGuid = {1F09F48E-1AA1-49BE-B73E-CEB219E8E264}
	EndGlobalSection
EndGlobal
