
Microsoft Visual Studio Solution File, Format Version 12.00
# Visual Studio Version 17
VisualStudioVersion = 17.8.34322.80
MinimumVisualStudioVersion = 10.0.40219.1
Project("{FAE04EC0-301F-11D3-BF4B-00C04F79EFBC}") = "app.file", "app.file.csproj", "{16D36768-DFEA-4C6F-A530-6DE79BCBBFCD}"
EndProject
Global
	GlobalSection(SolutionConfigurationPlatforms) = preSolution
		Debug|Any CPU = Debug|Any CPU
		Release|Any CPU = Release|Any CPU
	EndGlobalSection
	GlobalSection(ProjectConfigurationPlatforms) = postSolution
		{16D36768-DFEA-4C6F-A530-6DE79BCBBFCD}.Debug|Any CPU.ActiveCfg = Debug|Any CPU
		{16D36768-DFEA-4C6F-A530-6DE79BCBBFCD}.Debug|Any CPU.Build.0 = Debug|Any CPU
		{16D36768-DFEA-4C6F-A530-6DE79BCBBFCD}.Release|Any CPU.ActiveCfg = Release|Any CPU
		{16D36768-DFEA-4C6F-A530-6DE79BCBBFCD}.Release|Any CPU.Build.0 = Release|Any CPU
	EndGlobalSection
	GlobalSection(SolutionProperties) = preSolution
		HideSolutionNode = FALSE
	EndGlobalSection
	GlobalSection(ExtensibilityGlobals) = postSolution
		SolutionGuid = {5FDB77C5-BBBE-48EF-AFDB-F21EBBFE14D8}
	EndGlobalSection
EndGlobal
