
Microsoft Visual Studio Solution File, Format Version 12.00
# Visual Studio Version 17
VisualStudioVersion = 17.8.34322.80
MinimumVisualStudioVersion = 10.0.40219.1
Project("{FAE04EC0-301F-11D3-BF4B-00C04F79EFBC}") = "HOSPITAL", "HOSPITAL.csproj", "{38E65858-8342-4A10-9245-7A60727DFF03}"
EndProject
Global
	GlobalSection(SolutionConfigurationPlatforms) = preSolution
		Debug|Any CPU = Debug|Any CPU
		Release|Any CPU = Release|Any CPU
	EndGlobalSection
	GlobalSection(ProjectConfigurationPlatforms) = postSolution
		{38E65858-8342-4A10-9245-7A60727DFF03}.Debug|Any CPU.ActiveCfg = Debug|Any CPU
		{38E65858-8342-4A10-9245-7A60727DFF03}.Debug|Any CPU.Build.0 = Debug|Any CPU
		{38E65858-8342-4A10-9245-7A60727DFF03}.Release|Any CPU.ActiveCfg = Release|Any CPU
		{38E65858-8342-4A10-9245-7A60727DFF03}.Release|Any CPU.Build.0 = Release|Any CPU
	EndGlobalSection
	GlobalSection(SolutionProperties) = preSolution
		HideSolutionNode = FALSE
	EndGlobalSection
	GlobalSection(ExtensibilityGlobals) = postSolution
		SolutionGuid = {0920B0A6-AC80-49E3-B925-36A8C1291699}
	EndGlobalSection
EndGlobal
